
Microsoft Visual Studio Solution File, Format Version 10.00
# Visual Studio 2008
Project("{FAE04EC0-301F-11D3-BF4B-00C04F79EFBC}") = "Sewebar", "Sewebar.csproj", "{1FE2F522-5AE2-45CF-BE73-AEC79FCFEE6D}"
EndProject
Global
	GlobalSection(SolutionConfigurationPlatforms) = preSolution
		Debug|Any CPU = Debug|Any CPU
		Release|Any CPU = Release|Any CPU
	EndGlobalSection
	GlobalSection(ProjectConfigurationPlatforms) = postSolution
		{1FE2F522-5AE2-45CF-BE73-AEC79FCFEE6D}.Debug|Any CPU.ActiveCfg = Debug|Any CPU
		{1FE2F522-5AE2-45CF-BE73-AEC79FCFEE6D}.Debug|Any CPU.Build.0 = Debug|Any CPU
		{1FE2F522-5AE2-45CF-BE73-AEC79FCFEE6D}.Release|Any CPU.ActiveCfg = Release|Any CPU
		{1FE2F522-5AE2-45CF-BE73-AEC79FCFEE6D}.Release|Any CPU.Build.0 = Release|Any CPU
	EndGlobalSection
	GlobalSection(SolutionProperties) = preSolution
		HideSolutionNode = FALSE
	EndGlobalSection
EndGlobal
